
Microsoft Visual Studio Solution File, Format Version 12.00
# Visual Studio Version 17
VisualStudioVersion = 17.4.33110.190
MinimumVisualStudioVersion = 10.0.40219.1
Project("{FAE04EC0-301F-11D3-BF4B-00C04F79EFBC}") = "WebEFCoreApp", "WebEFCoreApp\WebEFCoreApp.csproj", "{EEE4C068-ABF2-41A6-80FA-44F2E367B05A}"
EndProject
Global
	GlobalSection(SolutionConfigurationPlatforms) = preSolution
		Debug|Any CPU = Debug|Any CPU
		Release|Any CPU = Release|Any CPU
	EndGlobalSection
	GlobalSection(ProjectConfigurationPlatforms) = postSolution
		{EEE4C068-ABF2-41A6-80FA-44F2E367B05A}.Debug|Any CPU.ActiveCfg = Debug|Any CPU
		{EEE4C068-ABF2-41A6-80FA-44F2E367B05A}.Debug|Any CPU.Build.0 = Debug|Any CPU
		{EEE4C068-ABF2-41A6-80FA-44F2E367B05A}.Release|Any CPU.ActiveCfg = Release|Any CPU
		{EEE4C068-ABF2-41A6-80FA-44F2E367B05A}.Release|Any CPU.Build.0 = Release|Any CPU
	EndGlobalSection
	GlobalSection(SolutionProperties) = preSolution
		HideSolutionNode = FALSE
	EndGlobalSection
	GlobalSection(ExtensibilityGlobals) = postSolution
		SolutionGuid = {1D7BCA5B-1398-4731-8C46-643141680103}
	EndGlobalSection
EndGlobal
